
Microsoft Visual Studio Solution File, Format Version 12.00
# Visual Studio Version 17
VisualStudioVersion = 17.0.31903.59
MinimumVisualStudioVersion = 10.0.40219.1
Project("{2150E333-8FDC-42A3-9474-1A3956D46DE8}") = "src", "src", "{827E0CD3-B72D-47B6-A68D-7590B98EB39B}"
EndProject
Project("{FAE04EC0-301F-11D3-BF4B-00C04F79EFBC}") = "LLMAssistant.Core", "src\LLMAssistant.Core\LLMAssistant.Core.csproj", "{3A42498E-071A-4CA3-9E6B-92727ED511AF}"
EndProject
Project("{FAE04EC0-301F-11D3-BF4B-00C04F79EFBC}") = "LLMAssistant.Renderer", "src\LLMAssistant.Renderer\LLMAssistant.Renderer.csproj", "{D46B44D0-963B-4823-9BB2-5F151C20BF88}"
EndProject
Project("{FAE04EC0-301F-11D3-BF4B-00C04F79EFBC}") = "LLMAssistant.Game", "src\LLMAssistant.Game\LLMAssistant.Game.csproj", "{B2871B99-4AFA-4910-B156-C5A19104A000}"
EndProject
Project("{FAE04EC0-301F-11D3-BF4B-00C04F79EFBC}") = "LLMAssistant.AI", "src\LLMAssistant.AI\LLMAssistant.AI.csproj", "{9F3BA553-98B9-4605-B4E4-6E649068528A}"
EndProject
Project("{FAE04EC0-301F-11D3-BF4B-00C04F79EFBC}") = "LLMAssistant.Scripting", "src\LLMAssistant.Scripting\LLMAssistant.Scripting.csproj", "{0BBDB2BD-B291-4923-B413-2709FFB51AEC}"
EndProject
Project("{FAE04EC0-301F-11D3-BF4B-00C04F79EFBC}") = "LLMAssistant.Assets", "src\LLMAssistant.Assets\LLMAssistant.Assets.csproj", "{D2AEF50E-9B8A-4E83-85CC-7CCC1E8264C1}"
EndProject
Project("{FAE04EC0-301F-11D3-BF4B-00C04F79EFBC}") = "LLMAssistant.App", "src\LLMAssistant.App\LLMAssistant.App.csproj", "{C35B6BF7-E46A-433D-BE79-968AFF6DA0DC}"
EndProject
Project("{2150E333-8FDC-42A3-9474-1A3956D46DE8}") = "tests", "tests", "{0AB3BF05-4346-4AA6-1389-037BE0695223}"
EndProject
Project("{FAE04EC0-301F-11D3-BF4B-00C04F79EFBC}") = "LLMAssistant.Tests", "tests\LLMAssistant.Tests\LLMAssistant.Tests.csproj", "{67D55B4B-A022-4BEA-B3D6-E8C696189C25}"
EndProject
Global
	GlobalSection(SolutionConfigurationPlatforms) = preSolution
		Debug|Any CPU = Debug|Any CPU
		Debug|x64 = Debug|x64
		Debug|x86 = Debug|x86
		Release|Any CPU = Release|Any CPU
		Release|x64 = Release|x64
		Release|x86 = Release|x86
	EndGlobalSection
	GlobalSection(ProjectConfigurationPlatforms) = postSolution
		{3A42498E-071A-4CA3-9E6B-92727ED511AF}.Debug|Any CPU.ActiveCfg = Debug|Any CPU
		{3A42498E-071A-4CA3-9E6B-92727ED511AF}.Debug|Any CPU.Build.0 = Debug|Any CPU
		{3A42498E-071A-4CA3-9E6B-92727ED511AF}.Debug|x64.ActiveCfg = Debug|Any CPU
		{3A42498E-071A-4CA3-9E6B-92727ED511AF}.Debug|x64.Build.0 = Debug|Any CPU
		{3A42498E-071A-4CA3-9E6B-92727ED511AF}.Debug|x86.ActiveCfg = Debug|Any CPU
		{3A42498E-071A-4CA3-9E6B-92727ED511AF}.Debug|x86.Build.0 = Debug|Any CPU
		{3A42498E-071A-4CA3-9E6B-92727ED511AF}.Release|Any CPU.ActiveCfg = Release|Any CPU
		{3A42498E-071A-4CA3-9E6B-92727ED511AF}.Release|Any CPU.Build.0 = Release|Any CPU
		{3A42498E-071A-4CA3-9E6B-92727ED511AF}.Release|x64.ActiveCfg = Release|Any CPU
		{3A42498E-071A-4CA3-9E6B-92727ED511AF}.Release|x64.Build.0 = Release|Any CPU
		{3A42498E-071A-4CA3-9E6B-92727ED511AF}.Release|x86.ActiveCfg = Release|Any CPU
		{3A42498E-071A-4CA3-9E6B-92727ED511AF}.Release|x86.Build.0 = Release|Any CPU
		{D46B44D0-963B-4823-9BB2-5F151C20BF88}.Debug|Any CPU.ActiveCfg = Debug|Any CPU
		{D46B44D0-963B-4823-9BB2-5F151C20BF88}.Debug|Any CPU.Build.0 = Debug|Any CPU
		{D46B44D0-963B-4823-9BB2-5F151C20BF88}.Debug|x64.ActiveCfg = Debug|Any CPU
		{D46B44D0-963B-4823-9BB2-5F151C20BF88}.Debug|x64.Build.0 = Debug|Any CPU
		{D46B44D0-963B-4823-9BB2-5F151C20BF88}.Debug|x86.ActiveCfg = Debug|Any CPU
		{D46B44D0-963B-4823-9BB2-5F151C20BF88}.Debug|x86.Build.0 = Debug|Any CPU
		{D46B44D0-963B-4823-9BB2-5F151C20BF88}.Release|Any CPU.ActiveCfg = Release|Any CPU
		{D46B44D0-963B-4823-9BB2-5F151C20BF88}.Release|Any CPU.Build.0 = Release|Any CPU
		{D46B44D0-963B-4823-9BB2-5F151C20BF88}.Release|x64.ActiveCfg = Release|Any CPU
		{D46B44D0-963B-4823-9BB2-5F151C20BF88}.Release|x64.Build.0 = Release|Any CPU
		{D46B44D0-963B-4823-9BB2-5F151C20BF88}.Release|x86.ActiveCfg = Release|Any CPU
		{D46B44D0-963B-4823-9BB2-5F151C20BF88}.Release|x86.Build.0 = Release|Any CPU
		{B2871B99-4AFA-4910-B156-C5A19104A000}.Debug|Any CPU.ActiveCfg = Debug|Any CPU
		{B2871B99-4AFA-4910-B156-C5A19104A000}.Debug|Any CPU.Build.0 = Debug|Any CPU
		{B2871B99-4AFA-4910-B156-C5A19104A000}.Debug|x64.ActiveCfg = Debug|Any CPU
		{B2871B99-4AFA-4910-B156-C5A19104A000}.Debug|x64.Build.0 = Debug|Any CPU
		{B2871B99-4AFA-4910-B156-C5A19104A000}.Debug|x86.ActiveCfg = Debug|Any CPU
		{B2871B99-4AFA-4910-B156-C5A19104A000}.Debug|x86.Build.0 = Debug|Any CPU
		{B2871B99-4AFA-4910-B156-C5A19104A000}.Release|Any CPU.ActiveCfg = Release|Any CPU
		{B2871B99-4AFA-4910-B156-C5A19104A000}.Release|Any CPU.Build.0 = Release|Any CPU
		{B2871B99-4AFA-4910-B156-C5A19104A000}.Release|x64.ActiveCfg = Release|Any CPU
		{B2871B99-4AFA-4910-B156-C5A19104A000}.Release|x64.Build.0 = Release|Any CPU
		{B2871B99-4AFA-4910-B156-C5A19104A000}.Release|x86.ActiveCfg = Release|Any CPU
		{B2871B99-4AFA-4910-B156-C5A19104A000}.Release|x86.Build.0 = Release|Any CPU
		{9F3BA553-98B9-4605-B4E4-6E649068528A}.Debug|Any CPU.ActiveCfg = Debug|Any CPU
		{9F3BA553-98B9-4605-B4E4-6E649068528A}.Debug|Any CPU.Build.0 = Debug|Any CPU
		{9F3BA553-98B9-4605-B4E4-6E649068528A}.Debug|x64.ActiveCfg = Debug|Any CPU
		{9F3BA553-98B9-4605-B4E4-6E649068528A}.Debug|x64.Build.0 = Debug|Any CPU
		{9F3BA553-98B9-4605-B4E4-6E649068528A}.Debug|x86.ActiveCfg = Debug|Any CPU
		{9F3BA553-98B9-4605-B4E4-6E649068528A}.Debug|x86.Build.0 = Debug|Any CPU
		{9F3BA553-98B9-4605-B4E4-6E649068528A}.Release|Any CPU.ActiveCfg = Release|Any CPU
		{9F3BA553-98B9-4605-B4E4-6E649068528A}.Release|Any CPU.Build.0 = Release|Any CPU
		{9F3BA553-98B9-4605-B4E4-6E649068528A}.Release|x64.ActiveCfg = Release|Any CPU
		{9F3BA553-98B9-4605-B4E4-6E649068528A}.Release|x64.Build.0 = Release|Any CPU
		{9F3BA553-98B9-4605-B4E4-6E649068528A}.Release|x86.ActiveCfg = Release|Any CPU
		{9F3BA553-98B9-4605-B4E4-6E649068528A}.Release|x86.Build.0 = Release|Any CPU
		{0BBDB2BD-B291-4923-B413-2709FFB51AEC}.Debug|Any CPU.ActiveCfg = Debug|Any CPU
		{0BBDB2BD-B291-4923-B413-2709FFB51AEC}.Debug|Any CPU.Build.0 = Debug|Any CPU
		{0BBDB2BD-B291-4923-B413-2709FFB51AEC}.Debug|x64.ActiveCfg = Debug|Any CPU
		{0BBDB2BD-B291-4923-B413-2709FFB51AEC}.Debug|x64.Build.0 = Debug|Any CPU
		{0BBDB2BD-B291-4923-B413-2709FFB51AEC}.Debug|x86.ActiveCfg = Debug|Any CPU
		{0BBDB2BD-B291-4923-B413-2709FFB51AEC}.Debug|x86.Build.0 = Debug|Any CPU
		{0BBDB2BD-B291-4923-B413-2709FFB51AEC}.Release|Any CPU.ActiveCfg = Release|Any CPU
		{0BBDB2BD-B291-4923-B413-2709FFB51AEC}.Release|Any CPU.Build.0 = Release|Any CPU
		{0BBDB2BD-B291-4923-B413-2709FFB51AEC}.Release|x64.ActiveCfg = Release|Any CPU
		{0BBDB2BD-B291-4923-B413-2709FFB51AEC}.Release|x64.Build.0 = Release|Any CPU
		{0BBDB2BD-B291-4923-B413-2709FFB51AEC}.Release|x86.ActiveCfg = Release|Any CPU
		{0BBDB2BD-B291-4923-B413-2709FFB51AEC}.Release|x86.Build.0 = Release|Any CPU
		{D2AEF50E-9B8A-4E83-85CC-7CCC1E8264C1}.Debug|Any CPU.ActiveCfg = Debug|Any CPU
		{D2AEF50E-9B8A-4E83-85CC-7CCC1E8264C1}.Debug|Any CPU.Build.0 = Debug|Any CPU
		{D2AEF50E-9B8A-4E83-85CC-7CCC1E8264C1}.Debug|x64.ActiveCfg = Debug|Any CPU
		{D2AEF50E-9B8A-4E83-85CC-7CCC1E8264C1}.Debug|x64.Build.0 = Debug|Any CPU
		{D2AEF50E-9B8A-4E83-85CC-7CCC1E8264C1}.Debug|x86.ActiveCfg = Debug|Any CPU
		{D2AEF50E-9B8A-4E83-85CC-7CCC1E8264C1}.Debug|x86.Build.0 = Debug|Any CPU
		{D2AEF50E-9B8A-4E83-85CC-7CCC1E8264C1}.Release|Any CPU.ActiveCfg = Release|Any CPU
		{D2AEF50E-9B8A-4E83-85CC-7CCC1E8264C1}.Release|Any CPU.Build.0 = Release|Any CPU
		{D2AEF50E-9B8A-4E83-85CC-7CCC1E8264C1}.Release|x64.ActiveCfg = Release|Any CPU
		{D2AEF50E-9B8A-4E83-85CC-7CCC1E8264C1}.Release|x64.Build.0 = Release|Any CPU
		{D2AEF50E-9B8A-4E83-85CC-7CCC1E8264C1}.Release|x86.ActiveCfg = Release|Any CPU
		{D2AEF50E-9B8A-4E83-85CC-7CCC1E8264C1}.Release|x86.Build.0 = Release|Any CPU
		{C35B6BF7-E46A-433D-BE79-968AFF6DA0DC}.Debug|Any CPU.ActiveCfg = Debug|Any CPU
		{C35B6BF7-E46A-433D-BE79-968AFF6DA0DC}.Debug|Any CPU.Build.0 = Debug|Any CPU
		{C35B6BF7-E46A-433D-BE79-968AFF6DA0DC}.Debug|x64.ActiveCfg = Debug|Any CPU
		{C35B6BF7-E46A-433D-BE79-968AFF6DA0DC}.Debug|x64.Build.0 = Debug|Any CPU
		{C35B6BF7-E46A-433D-BE79-968AFF6DA0DC}.Debug|x86.ActiveCfg = Debug|Any CPU
		{C35B6BF7-E46A-433D-BE79-968AFF6DA0DC}.Debug|x86.Build.0 = Debug|Any CPU
		{C35B6BF7-E46A-433D-BE79-968AFF6DA0DC}.Release|Any CPU.ActiveCfg = Release|Any CPU
		{C35B6BF7-E46A-433D-BE79-968AFF6DA0DC}.Release|Any CPU.Build.0 = Release|Any CPU
		{C35B6BF7-E46A-433D-BE79-968AFF6DA0DC}.Release|x64.ActiveCfg = Release|Any CPU
		{C35B6BF7-E46A-433D-BE79-968AFF6DA0DC}.Release|x64.Build.0 = Release|Any CPU
		{C35B6BF7-E46A-433D-BE79-968AFF6DA0DC}.Release|x86.ActiveCfg = Release|Any CPU
		{C35B6BF7-E46A-433D-BE79-968AFF6DA0DC}.Release|x86.Build.0 = Release|Any CPU
		{67D55B4B-A022-4BEA-B3D6-E8C696189C25}.Debug|Any CPU.ActiveCfg = Debug|Any CPU
		{67D55B4B-A022-4BEA-B3D6-E8C696189C25}.Debug|Any CPU.Build.0 = Debug|Any CPU
		{67D55B4B-A022-4BEA-B3D6-E8C696189C25}.Debug|x64.ActiveCfg = Debug|Any CPU
		{67D55B4B-A022-4BEA-B3D6-E8C696189C25}.Debug|x64.Build.0 = Debug|Any CPU
		{67D55B4B-A022-4BEA-B3D6-E8C696189C25}.Debug|x86.ActiveCfg = Debug|Any CPU
		{67D55B4B-A022-4BEA-B3D6-E8C696189C25}.Debug|x86.Build.0 = Debug|Any CPU
		{67D55B4B-A022-4BEA-B3D6-E8C696189C25}.Release|Any CPU.ActiveCfg = Release|Any CPU
		{67D55B4B-A022-4BEA-B3D6-E8C696189C25}.Release|Any CPU.Build.0 = Release|Any CPU
		{67D55B4B-A022-4BEA-B3D6-E8C696189C25}.Release|x64.ActiveCfg = Release|Any CPU
		{67D55B4B-A022-4BEA-B3D6-E8C696189C25}.Release|x64.Build.0 = Release|Any CPU
		{67D55B4B-A022-4BEA-B3D6-E8C696189C25}.Release|x86.ActiveCfg = Release|Any CPU
		{67D55B4B-A022-4BEA-B3D6-E8C696189C25}.Release|x86.Build.0 = Release|Any CPU
	EndGlobalSection
	GlobalSection(SolutionProperties) = preSolution
		HideSolutionNode = FALSE
	EndGlobalSection
	GlobalSection(NestedProjects) = preSolution
		{3A42498E-071A-4CA3-9E6B-92727ED511AF} = {827E0CD3-B72D-47B6-A68D-7590B98EB39B}
		{D46B44D0-963B-4823-9BB2-5F151C20BF88} = {827E0CD3-B72D-47B6-A68D-7590B98EB39B}
		{B2871B99-4AFA-4910-B156-C5A19104A000} = {827E0CD3-B72D-47B6-A68D-7590B98EB39B}
		{9F3BA553-98B9-4605-B4E4-6E649068528A} = {827E0CD3-B72D-47B6-A68D-7590B98EB39B}
		{0BBDB2BD-B291-4923-B413-2709FFB51AEC} = {827E0CD3-B72D-47B6-A68D-7590B98EB39B}
		{D2AEF50E-9B8A-4E83-85CC-7CCC1E8264C1} = {827E0CD3-B72D-47B6-A68D-7590B98EB39B}
		{C35B6BF7-E46A-433D-BE79-968AFF6DA0DC} = {827E0CD3-B72D-47B6-A68D-7590B98EB39B}
		{67D55B4B-A022-4BEA-B3D6-E8C696189C25} = {0AB3BF05-4346-4AA6-1389-037BE0695223}
	EndGlobalSection
EndGlobal
